
Microsoft Visual Studio Solution File, Format Version 12.00
# Visual Studio Version 17
VisualStudioVersion = 17.9.34723.18
MinimumVisualStudioVersion = 10.0.40219.1
Project("{FAE04EC0-301F-11D3-BF4B-00C04F79EFBC}") = "ListaDeContatos", "ListaDeContatos.csproj", "{B376E2EE-29D7-4B13-80A8-F9221A9191D9}"
EndProject
Global
	GlobalSection(SolutionConfigurationPlatforms) = preSolution
		Debug|Any CPU = Debug|Any CPU
		Release|Any CPU = Release|Any CPU
	EndGlobalSection
	GlobalSection(ProjectConfigurationPlatforms) = postSolution
		{B376E2EE-29D7-4B13-80A8-F9221A9191D9}.Debug|Any CPU.ActiveCfg = Debug|Any CPU
		{B376E2EE-29D7-4B13-80A8-F9221A9191D9}.Debug|Any CPU.Build.0 = Debug|Any CPU
		{B376E2EE-29D7-4B13-80A8-F9221A9191D9}.Release|Any CPU.ActiveCfg = Release|Any CPU
		{B376E2EE-29D7-4B13-80A8-F9221A9191D9}.Release|Any CPU.Build.0 = Release|Any CPU
	EndGlobalSection
	GlobalSection(SolutionProperties) = preSolution
		HideSolutionNode = FALSE
	EndGlobalSection
	GlobalSection(ExtensibilityGlobals) = postSolution
		SolutionGuid = {E16B9E62-0144-46E2-8632-F7EBF453D4EB}
	EndGlobalSection
EndGlobal
